
Microsoft Visual Studio Solution File, Format Version 12.00
# Visual Studio Version 17
VisualStudioVersion = 17.9.34728.123
MinimumVisualStudioVersion = 10.0.40219.1
Project("{9A19103F-16F7-4668-BE54-9A1E7A4F7556}") = "WeatherMonitoringAndReportingService", "WeatherMonitoringAndReportingService.csproj", "{8EBD112D-CCDD-42C2-89B2-68F4D96D428B}"
EndProject
Project("{FAE04EC0-301F-11D3-BF4B-00C04F79EFBC}") = "WeatherMonitoringAndReportingService.Test", "..\WeatherMonitoringAndReportingService.Test\WeatherMonitoringAndReportingService.Test.csproj", "{8A6F5806-4AC4-4B42-BB60-A130ECFE6447}"
EndProject
Global
	GlobalSection(SolutionConfigurationPlatforms) = preSolution
		Debug|Any CPU = Debug|Any CPU
		Release|Any CPU = Release|Any CPU
	EndGlobalSection
	GlobalSection(ProjectConfigurationPlatforms) = postSolution
		{8EBD112D-CCDD-42C2-89B2-68F4D96D428B}.Debug|Any CPU.ActiveCfg = Debug|Any CPU
		{8EBD112D-CCDD-42C2-89B2-68F4D96D428B}.Debug|Any CPU.Build.0 = Debug|Any CPU
		{8EBD112D-CCDD-42C2-89B2-68F4D96D428B}.Release|Any CPU.ActiveCfg = Release|Any CPU
		{8EBD112D-CCDD-42C2-89B2-68F4D96D428B}.Release|Any CPU.Build.0 = Release|Any CPU
		{8A6F5806-4AC4-4B42-BB60-A130ECFE6447}.Debug|Any CPU.ActiveCfg = Debug|Any CPU
		{8A6F5806-4AC4-4B42-BB60-A130ECFE6447}.Debug|Any CPU.Build.0 = Debug|Any CPU
		{8A6F5806-4AC4-4B42-BB60-A130ECFE6447}.Release|Any CPU.ActiveCfg = Release|Any CPU
		{8A6F5806-4AC4-4B42-BB60-A130ECFE6447}.Release|Any CPU.Build.0 = Release|Any CPU
	EndGlobalSection
	GlobalSection(SolutionProperties) = preSolution
		HideSolutionNode = FALSE
	EndGlobalSection
	GlobalSection(ExtensibilityGlobals) = postSolution
		SolutionGuid = {A722BA65-BFB0-47DE-B95E-D17F51C5EB2F}
	EndGlobalSection
EndGlobal
